// !$*UTF8*$!
{
	archiveVersion = 1;
	classes = {
	};
	objectVersion = 77;
	objects = {

/* Begin PBXBuildFile section */
		D89BCF0E2D6F21ED00E24742 /* libXray.xcframework in Frameworks */ = {isa = PBXBuildFile; fileRef = D89BCF0C2D6F21DD00E24742 /* libXray.xcframework */; };
		D89BCF0F2D6F21ED00E24742 /* libXray.xcframework in Embed Frameworks */ = {isa = PBXBuildFile; fileRef = D89BCF0C2D6F21DD00E24742 /* libXray.xcframework */; settings = {ATTRIBUTES = (CodeSignOnCopy, RemoveHeadersOnCopy, ); }; };
		D89BCF3C2D7090CB00E24742 /* NetworkExtension.framework in Frameworks */ = {isa = PBXBuildFile; fileRef = D89BCF252D6F373000E24742 /* NetworkExtension.framework */; };
		D89BCF442D7090CB00E24742 /* MyVPNProviderExtension.appex in Embed Foundation Extensions */ = {isa = PBXBuildFile; fileRef = D89BCF3B2D7090CB00E24742 /* MyVPNProviderExtension.appex */; settings = {ATTRIBUTES = (RemoveHeadersOnCopy, ); }; };
		D89BCF492D70942A00E24742 /* libresolv.tbd in Frameworks */ = {isa = PBXBuildFile; fileRef = D89BCF352D6F3BBF00E24742 /* libresolv.tbd */; };
/* End PBXBuildFile section */

/* Begin PBXContainerItemProxy section */
		D89BCF422D7090CB00E24742 /* PBXContainerItemProxy */ = {
			isa = PBXContainerItemProxy;
			containerPortal = D89BCE8A2D6C2ED600E24742 /* Project object */;
			proxyType = 1;
			remoteGlobalIDString = D89BCF3A2D7090CB00E24742;
			remoteInfo = MyVPNProviderExtension;
		};
/* End PBXContainerItemProxy section */

/* Begin PBXCopyFilesBuildPhase section */
		D89BCEF52D6DB3A000E24742 /* Embed Foundation Extensions */ = {
			isa = PBXCopyFilesBuildPhase;
			buildActionMask = 2147483647;
			dstPath = "";
			dstSubfolderSpec = 13;
			files = (
				D89BCF442D7090CB00E24742 /* MyVPNProviderExtension.appex in Embed Foundation Extensions */,
			);
			name = "Embed Foundation Extensions";
			runOnlyForDeploymentPostprocessing = 0;
		};
		D89BCF102D6F21ED00E24742 /* Embed Frameworks */ = {
			isa = PBXCopyFilesBuildPhase;
			buildActionMask = 2147483647;
			dstPath = "";
			dstSubfolderSpec = 10;
			files = (
				D89BCF0F2D6F21ED00E24742 /* libXray.xcframework in Embed Frameworks */,
			);
			name = "Embed Frameworks";
			runOnlyForDeploymentPostprocessing = 0;
		};
/* End PBXCopyFilesBuildPhase section */

/* Begin PBXFileReference section */
		D89BCE922D6C2ED600E24742 /* vpn-client.app */ = {isa = PBXFileReference; explicitFileType = wrapper.application; includeInIndex = 0; path = "vpn-client.app"; sourceTree = BUILT_PRODUCTS_DIR; };
		D89BCF0C2D6F21DD00E24742 /* libXray.xcframework */ = {isa = PBXFileReference; lastKnownFileType = wrapper.xcframework; path = libXray.xcframework; sourceTree = "<group>"; };
		D89BCF252D6F373000E24742 /* NetworkExtension.framework */ = {isa = PBXFileReference; lastKnownFileType = wrapper.framework; name = NetworkExtension.framework; path = System/Library/Frameworks/NetworkExtension.framework; sourceTree = SDKROOT; };
		D89BCF352D6F3BBF00E24742 /* libresolv.tbd */ = {isa = PBXFileReference; lastKnownFileType = "sourcecode.text-based-dylib-definition"; name = libresolv.tbd; path = usr/lib/libresolv.tbd; sourceTree = SDKROOT; };
		D89BCF3B2D7090CB00E24742 /* MyVPNProviderExtension.appex */ = {isa = PBXFileReference; explicitFileType = "wrapper.app-extension"; includeInIndex = 0; path = MyVPNProviderExtension.appex; sourceTree = BUILT_PRODUCTS_DIR; };
/* End PBXFileReference section */

/* Begin PBXFileSystemSynchronizedBuildFileExceptionSet section */
		D89BCEF72D6DB6B700E24742 /* Exceptions for "vpn-client" folder in "vpn-client" target */ = {
			isa = PBXFileSystemSynchronizedBuildFileExceptionSet;
			membershipExceptions = (
				Info.plist,
			);
			target = D89BCE912D6C2ED600E24742 /* vpn-client */;
		};
		D89BCF482D7090CB00E24742 /* Exceptions for "MyVPNProviderExtension" folder in "MyVPNProviderExtension" target */ = {
			isa = PBXFileSystemSynchronizedBuildFileExceptionSet;
			membershipExceptions = (
				Info.plist,
			);
			target = D89BCF3A2D7090CB00E24742 /* MyVPNProviderExtension */;
		};
/* End PBXFileSystemSynchronizedBuildFileExceptionSet section */

/* Begin PBXFileSystemSynchronizedRootGroup section */
		D89BCE942D6C2ED600E24742 /* vpn-client */ = {
			isa = PBXFileSystemSynchronizedRootGroup;
			exceptions = (
				D89BCEF72D6DB6B700E24742 /* Exceptions for "vpn-client" folder in "vpn-client" target */,
			);
			path = "vpn-client";
			sourceTree = "<group>";
		};
		D89BCF3D2D7090CB00E24742 /* MyVPNProviderExtension */ = {
			isa = PBXFileSystemSynchronizedRootGroup;
			exceptions = (
				D89BCF482D7090CB00E24742 /* Exceptions for "MyVPNProviderExtension" folder in "MyVPNProviderExtension" target */,
			);
			path = MyVPNProviderExtension;
			sourceTree = "<group>";
		};
/* End PBXFileSystemSynchronizedRootGroup section */

/* Begin PBXFrameworksBuildPhase section */
		D89BCE8F2D6C2ED600E24742 /* Frameworks */ = {
			isa = PBXFrameworksBuildPhase;
			buildActionMask = 2147483647;
			files = (
				D89BCF0E2D6F21ED00E24742 /* libXray.xcframework in Frameworks */,
			);
			runOnlyForDeploymentPostprocessing = 0;
		};
		D89BCF382D7090CB00E24742 /* Frameworks */ = {
			isa = PBXFrameworksBuildPhase;
			buildActionMask = 2147483647;
			files = (
				D89BCF492D70942A00E24742 /* libresolv.tbd in Frameworks */,
				D89BCF3C2D7090CB00E24742 /* NetworkExtension.framework in Frameworks */,
			);
			runOnlyForDeploymentPostprocessing = 0;
		};
/* End PBXFrameworksBuildPhase section */

/* Begin PBXGroup section */
		D89BCE892D6C2ED600E24742 = {
			isa = PBXGroup;
			children = (
				D89BCE942D6C2ED600E24742 /* vpn-client */,
				D89BCF3D2D7090CB00E24742 /* MyVPNProviderExtension */,
				D89BCF242D6F373000E24742 /* Frameworks */,
				D89BCE932D6C2ED600E24742 /* Products */,
				D89BCF0C2D6F21DD00E24742 /* libXray.xcframework */,
			);
			sourceTree = "<group>";
		};
		D89BCE932D6C2ED600E24742 /* Products */ = {
			isa = PBXGroup;
			children = (
				D89BCE922D6C2ED600E24742 /* vpn-client.app */,
				D89BCF3B2D7090CB00E24742 /* MyVPNProviderExtension.appex */,
			);
			name = Products;
			sourceTree = "<group>";
		};
		D89BCF242D6F373000E24742 /* Frameworks */ = {
			isa = PBXGroup;
			children = (
				D89BCF352D6F3BBF00E24742 /* libresolv.tbd */,
				D89BCF252D6F373000E24742 /* NetworkExtension.framework */,
			);
			name = Frameworks;
			sourceTree = "<group>";
		};
/* End PBXGroup section */

/* Begin PBXNativeTarget section */
		D89BCE912D6C2ED600E24742 /* vpn-client */ = {
			isa = PBXNativeTarget;
			buildConfigurationList = D89BCEA02D6C2ED700E24742 /* Build configuration list for PBXNativeTarget "vpn-client" */;
			buildPhases = (
				D89BCE8E2D6C2ED600E24742 /* Sources */,
				D89BCE8F2D6C2ED600E24742 /* Frameworks */,
				D89BCE902D6C2ED600E24742 /* Resources */,
				D89BCEF52D6DB3A000E24742 /* Embed Foundation Extensions */,
				D89BCF102D6F21ED00E24742 /* Embed Frameworks */,
			);
			buildRules = (
			);
			dependencies = (
				D89BCF432D7090CB00E24742 /* PBXTargetDependency */,
			);
			fileSystemSynchronizedGroups = (
				D89BCE942D6C2ED600E24742 /* vpn-client */,
			);
			name = "vpn-client";
			packageProductDependencies = (
			);
			productName = "vpn-client";
			productReference = D89BCE922D6C2ED600E24742 /* vpn-client.app */;
			productType = "com.apple.product-type.application";
		};
		D89BCF3A2D7090CB00E24742 /* MyVPNProviderExtension */ = {
			isa = PBXNativeTarget;
			buildConfigurationList = D89BCF452D7090CB00E24742 /* Build configuration list for PBXNativeTarget "MyVPNProviderExtension" */;
			buildPhases = (
				D89BCF372D7090CB00E24742 /* Sources */,
				D89BCF382D7090CB00E24742 /* Frameworks */,
				D89BCF392D7090CB00E24742 /* Resources */,
			);
			buildRules = (
			);
			dependencies = (
			);
			fileSystemSynchronizedGroups = (
				D89BCF3D2D7090CB00E24742 /* MyVPNProviderExtension */,
			);
			name = MyVPNProviderExtension;
			packageProductDependencies = (
			);
			productName = MyVPNProviderExtension;
			productReference = D89BCF3B2D7090CB00E24742 /* MyVPNProviderExtension.appex */;
			productType = "com.apple.product-type.app-extension";
		};
/* End PBXNativeTarget section */

/* Begin PBXProject section */
		D89BCE8A2D6C2ED600E24742 /* Project object */ = {
			isa = PBXProject;
			attributes = {
				BuildIndependentTargetsInParallel = 1;
				LastSwiftUpdateCheck = 1600;
				LastUpgradeCheck = 1600;
				TargetAttributes = {
					D89BCE912D6C2ED600E24742 = {
						CreatedOnToolsVersion = 16.0;
					};
					D89BCF3A2D7090CB00E24742 = {
						CreatedOnToolsVersion = 16.0;
					};
				};
			};
			buildConfigurationList = D89BCE8D2D6C2ED600E24742 /* Build configuration list for PBXProject "vpn-client" */;
			developmentRegion = en;
			hasScannedForEncodings = 0;
			knownRegions = (
				en,
				Base,
			);
			mainGroup = D89BCE892D6C2ED600E24742;
			minimizedProjectReferenceProxies = 1;
			preferredProjectObjectVersion = 77;
			productRefGroup = D89BCE932D6C2ED600E24742 /* Products */;
			projectDirPath = "";
			projectRoot = "";
			targets = (
				D89BCE912D6C2ED600E24742 /* vpn-client */,
				D89BCF3A2D7090CB00E24742 /* MyVPNProviderExtension */,
			);
		};
/* End PBXProject section */

/* Begin PBXResourcesBuildPhase section */
		D89BCE902D6C2ED600E24742 /* Resources */ = {
			isa = PBXResourcesBuildPhase;
			buildActionMask = 2147483647;
			files = (
			);
			runOnlyForDeploymentPostprocessing = 0;
		};
		D89BCF392D7090CB00E24742 /* Resources */ = {
			isa = PBXResourcesBuildPhase;
			buildActionMask = 2147483647;
			files = (
			);
			runOnlyForDeploymentPostprocessing = 0;
		};
/* End PBXResourcesBuildPhase section */

/* Begin PBXSourcesBuildPhase section */
		D89BCE8E2D6C2ED600E24742 /* Sources */ = {
			isa = PBXSourcesBuildPhase;
			buildActionMask = 2147483647;
			files = (
			);
			runOnlyForDeploymentPostprocessing = 0;
		};
		D89BCF372D7090CB00E24742 /* Sources */ = {
			isa = PBXSourcesBuildPhase;
			buildActionMask = 2147483647;
			files = (
			);
			runOnlyForDeploymentPostprocessing = 0;
		};
/* End PBXSourcesBuildPhase section */

/* Begin PBXTargetDependency section */
		D89BCF432D7090CB00E24742 /* PBXTargetDependency */ = {
			isa = PBXTargetDependency;
			target = D89BCF3A2D7090CB00E24742 /* MyVPNProviderExtension */;
			targetProxy = D89BCF422D7090CB00E24742 /* PBXContainerItemProxy */;
		};
/* End PBXTargetDependency section */

/* Begin XCBuildConfiguration section */
		D89BCE9E2D6C2ED700E24742 /* Debug */ = {
			isa = XCBuildConfiguration;
			buildSettings = {
				ALWAYS_SEARCH_USER_PATHS = NO;
				ASSETCATALOG_COMPILER_GENERATE_SWIFT_ASSET_SYMBOL_EXTENSIONS = YES;
				CLANG_ANALYZER_NONNULL = YES;
				CLANG_ANALYZER_NUMBER_OBJECT_CONVERSION = YES_AGGRESSIVE;
				CLANG_CXX_LANGUAGE_STANDARD = "gnu++20";
				CLANG_ENABLE_MODULES = YES;
				CLANG_ENABLE_OBJC_ARC = YES;
				CLANG_ENABLE_OBJC_WEAK = YES;
				CLANG_WARN_BLOCK_CAPTURE_AUTORELEASING = YES;
				CLANG_WARN_BOOL_CONVERSION = YES;
				CLANG_WARN_COMMA = YES;
				CLANG_WARN_CONSTANT_CONVERSION = YES;
				CLANG_WARN_DEPRECATED_OBJC_IMPLEMENTATIONS = YES;
				CLANG_WARN_DIRECT_OBJC_ISA_USAGE = YES_ERROR;
				CLANG_WARN_DOCUMENTATION_COMMENTS = YES;
				CLANG_WARN_EMPTY_BODY = YES;
				CLANG_WARN_ENUM_CONVERSION = YES;
				CLANG_WARN_INFINITE_RECURSION = YES;
				CLANG_WARN_INT_CONVERSION = YES;
				CLANG_WARN_NON_LITERAL_NULL_CONVERSION = YES;
				CLANG_WARN_OBJC_IMPLICIT_RETAIN_SELF = YES;
				CLANG_WARN_OBJC_LITERAL_CONVERSION = YES;
				CLANG_WARN_OBJC_ROOT_CLASS = YES_ERROR;
				CLANG_WARN_QUOTED_INCLUDE_IN_FRAMEWORK_HEADER = YES;
				CLANG_WARN_RANGE_LOOP_ANALYSIS = YES;
				CLANG_WARN_STRICT_PROTOTYPES = YES;
				CLANG_WARN_SUSPICIOUS_MOVE = YES;
				CLANG_WARN_UNGUARDED_AVAILABILITY = YES_AGGRESSIVE;
				CLANG_WARN_UNREACHABLE_CODE = YES;
				CLANG_WARN__DUPLICATE_METHOD_MATCH = YES;
				COPY_PHASE_STRIP = NO;
				DEBUG_INFORMATION_FORMAT = dwarf;
				ENABLE_STRICT_OBJC_MSGSEND = YES;
				ENABLE_TESTABILITY = YES;
				ENABLE_USER_SCRIPT_SANDBOXING = YES;
				GCC_C_LANGUAGE_STANDARD = gnu17;
				GCC_DYNAMIC_NO_PIC = NO;
				GCC_NO_COMMON_BLOCKS = YES;
				GCC_OPTIMIZATION_LEVEL = 0;
				GCC_PREPROCESSOR_DEFINITIONS = (
					"DEBUG=1",
					"$(inherited)",
				);
				GCC_WARN_64_TO_32_BIT_CONVERSION = YES;
				GCC_WARN_ABOUT_RETURN_TYPE = YES_ERROR;
				GCC_WARN_UNDECLARED_SELECTOR = YES;
				GCC_WARN_UNINITIALIZED_AUTOS = YES_AGGRESSIVE;
				GCC_WARN_UNUSED_FUNCTION = YES;
				GCC_WARN_UNUSED_VARIABLE = YES;
				IPHONEOS_DEPLOYMENT_TARGET = 18.0;
				LOCALIZATION_PREFERS_STRING_CATALOGS = YES;
				MTL_ENABLE_DEBUG_INFO = INCLUDE_SOURCE;
				MTL_FAST_MATH = YES;
				ONLY_ACTIVE_ARCH = YES;
				SDKROOT = iphoneos;
				SWIFT_ACTIVE_COMPILATION_CONDITIONS = "DEBUG $(inherited)";
				SWIFT_OPTIMIZATION_LEVEL = "-Onone";
			};
			name = Debug;
		};
		D89BCE9F2D6C2ED700E24742 /* Release */ = {
			isa = XCBuildConfiguration;
			buildSettings = {
				ALWAYS_SEARCH_USER_PATHS = NO;
				ASSETCATALOG_COMPILER_GENERATE_SWIFT_ASSET_SYMBOL_EXTENSIONS = YES;
				CLANG_ANALYZER_NONNULL = YES;
				CLANG_ANALYZER_NUMBER_OBJECT_CONVERSION = YES_AGGRESSIVE;
				CLANG_CXX_LANGUAGE_STANDARD = "gnu++20";
				CLANG_ENABLE_MODULES = YES;
				CLANG_ENABLE_OBJC_ARC = YES;
				CLANG_ENABLE_OBJC_WEAK = YES;
				CLANG_WARN_BLOCK_CAPTURE_AUTORELEASING = YES;
				CLANG_WARN_BOOL_CONVERSION = YES;
				CLANG_WARN_COMMA = YES;
				CLANG_WARN_CONSTANT_CONVERSION = YES;
				CLANG_WARN_DEPRECATED_OBJC_IMPLEMENTATIONS = YES;
				CLANG_WARN_DIRECT_OBJC_ISA_USAGE = YES_ERROR;
				CLANG_WARN_DOCUMENTATION_COMMENTS = YES;
				CLANG_WARN_EMPTY_BODY = YES;
				CLANG_WARN_ENUM_CONVERSION = YES;
				CLANG_WARN_INFINITE_RECURSION = YES;
				CLANG_WARN_INT_CONVERSION = YES;
				CLANG_WARN_NON_LITERAL_NULL_CONVERSION = YES;
				CLANG_WARN_OBJC_IMPLICIT_RETAIN_SELF = YES;
				CLANG_WARN_OBJC_LITERAL_CONVERSION = YES;
				CLANG_WARN_OBJC_ROOT_CLASS = YES_ERROR;
				CLANG_WARN_QUOTED_INCLUDE_IN_FRAMEWORK_HEADER = YES;
				CLANG_WARN_RANGE_LOOP_ANALYSIS = YES;
				CLANG_WARN_STRICT_PROTOTYPES = YES;
				CLANG_WARN_SUSPICIOUS_MOVE = YES;
				CLANG_WARN_UNGUARDED_AVAILABILITY = YES_AGGRESSIVE;
				CLANG_WARN_UNREACHABLE_CODE = YES;
				CLANG_WARN__DUPLICATE_METHOD_MATCH = YES;
				COPY_PHASE_STRIP = NO;
				DEBUG_INFORMATION_FORMAT = "dwarf-with-dsym";
				ENABLE_NS_ASSERTIONS = NO;
				ENABLE_STRICT_OBJC_MSGSEND = YES;
				ENABLE_USER_SCRIPT_SANDBOXING = YES;
				GCC_C_LANGUAGE_STANDARD = gnu17;
				GCC_NO_COMMON_BLOCKS = YES;
				GCC_WARN_64_TO_32_BIT_CONVERSION = YES;
				GCC_WARN_ABOUT_RETURN_TYPE = YES_ERROR;
				GCC_WARN_UNDECLARED_SELECTOR = YES;
				GCC_WARN_UNINITIALIZED_AUTOS = YES_AGGRESSIVE;
				GCC_WARN_UNUSED_FUNCTION = YES;
				GCC_WARN_UNUSED_VARIABLE = YES;
				IPHONEOS_DEPLOYMENT_TARGET = 18.0;
				LOCALIZATION_PREFERS_STRING_CATALOGS = YES;
				MTL_ENABLE_DEBUG_INFO = NO;
				MTL_FAST_MATH = YES;
				SDKROOT = iphoneos;
				SWIFT_COMPILATION_MODE = wholemodule;
				VALIDATE_PRODUCT = YES;
			};
			name = Release;
		};
		D89BCEA12D6C2ED700E24742 /* Debug */ = {
			isa = XCBuildConfiguration;
			buildSettings = {
				ASSETCATALOG_COMPILER_APPICON_NAME = AppIcon;
				ASSETCATALOG_COMPILER_GLOBAL_ACCENT_COLOR_NAME = AccentColor;
				CODE_SIGN_ENTITLEMENTS = "vpn-client/vpn-client.entitlements";
				CODE_SIGN_STYLE = Automatic;
				CURRENT_PROJECT_VERSION = 1;
				DEVELOPMENT_ASSET_PATHS = "\"vpn-client/Preview Content\"";
				DEVELOPMENT_TEAM = KF4T4F29C9;
				ENABLE_PREVIEWS = YES;
				GENERATE_INFOPLIST_FILE = YES;
				INFOPLIST_FILE = "vpn-client/Info.plist";
				INFOPLIST_KEY_CFBundleDisplayName = "VPN Client";
				INFOPLIST_KEY_UIApplicationSceneManifest_Generation = YES;
				INFOPLIST_KEY_UIApplicationSupportsIndirectInputEvents = YES;
				INFOPLIST_KEY_UILaunchScreen_Generation = YES;
				INFOPLIST_KEY_UISupportedInterfaceOrientations = "UIInterfaceOrientationLandscapeLeft UIInterfaceOrientationLandscapeRight UIInterfaceOrientationPortrait";
				INFOPLIST_KEY_UISupportedInterfaceOrientations_iPad = "UIInterfaceOrientationLandscapeLeft UIInterfaceOrientationLandscapeRight UIInterfaceOrientationPortrait UIInterfaceOrientationPortraitUpsideDown";
				IPHONEOS_DEPLOYMENT_TARGET = 16.0;
				LD_RUNPATH_SEARCH_PATHS = (
					"$(inherited)",
					"@executable_path/Frameworks",
				);
				MARKETING_VERSION = 1.0;
				PRODUCT_BUNDLE_IDENTIFIER = com.fimacomarketing.testvpn;
				PRODUCT_NAME = "$(TARGET_NAME)";
				SWIFT_EMIT_LOC_STRINGS = YES;
				SWIFT_VERSION = 5.0;
				TARGETED_DEVICE_FAMILY = "1,2";
			};
			name = Debug;
		};
		D89BCEA22D6C2ED700E24742 /* Release */ = {
			isa = XCBuildConfiguration;
			buildSettings = {
				ASSETCATALOG_COMPILER_APPICON_NAME = AppIcon;
				ASSETCATALOG_COMPILER_GLOBAL_ACCENT_COLOR_NAME = AccentColor;
				CODE_SIGN_ENTITLEMENTS = "vpn-client/vpn-client.entitlements";
				CODE_SIGN_STYLE = Automatic;
				CURRENT_PROJECT_VERSION = 1;
				DEVELOPMENT_ASSET_PATHS = "\"vpn-client/Preview Content\"";
				DEVELOPMENT_TEAM = KF4T4F29C9;
				ENABLE_PREVIEWS = YES;
				GENERATE_INFOPLIST_FILE = YES;
				INFOPLIST_FILE = "vpn-client/Info.plist";
				INFOPLIST_KEY_CFBundleDisplayName = "VPN Client";
				INFOPLIST_KEY_UIApplicationSceneManifest_Generation = YES;
				INFOPLIST_KEY_UIApplicationSupportsIndirectInputEvents = YES;
				INFOPLIST_KEY_UILaunchScreen_Generation = YES;
				INFOPLIST_KEY_UISupportedInterfaceOrientations = "UIInterfaceOrientationLandscapeLeft UIInterfaceOrientationLandscapeRight UIInterfaceOrientationPortrait";
				INFOPLIST_KEY_UISupportedInterfaceOrientations_iPad = "UIInterfaceOrientationLandscapeLeft UIInterfaceOrientationLandscapeRight UIInterfaceOrientationPortrait UIInterfaceOrientationPortraitUpsideDown";
				IPHONEOS_DEPLOYMENT_TARGET = 16.0;
				LD_RUNPATH_SEARCH_PATHS = (
					"$(inherited)",
					"@executable_path/Frameworks",
				);
				MARKETING_VERSION = 1.0;
				PRODUCT_BUNDLE_IDENTIFIER = com.fimacomarketing.testvpn;
				PRODUCT_NAME = "$(TARGET_NAME)";
				SWIFT_EMIT_LOC_STRINGS = YES;
				SWIFT_VERSION = 5.0;
				TARGETED_DEVICE_FAMILY = "1,2";
			};
			name = Release;
		};
		D89BCF462D7090CB00E24742 /* Debug */ = {
			isa = XCBuildConfiguration;
			buildSettings = {
				CODE_SIGN_ENTITLEMENTS = MyVPNProviderExtension/MyVPNProviderExtension.entitlements;
				CODE_SIGN_STYLE = Automatic;
				CURRENT_PROJECT_VERSION = 1;
				DEVELOPMENT_TEAM = KF4T4F29C9;
				GENERATE_INFOPLIST_FILE = YES;
				INFOPLIST_FILE = MyVPNProviderExtension/Info.plist;
				INFOPLIST_KEY_CFBundleDisplayName = MyVPNProviderExtension;
				INFOPLIST_KEY_NSHumanReadableCopyright = "";
				LD_RUNPATH_SEARCH_PATHS = (
					"$(inherited)",
					"@executable_path/Frameworks",
					"@executable_path/../../Frameworks",
				);
				MARKETING_VERSION = 1.0;
				"OTHER_LDFLAGS[arch=*]" = "";
				PRODUCT_BUNDLE_IDENTIFIER = com.fimacomarketing.testvpn.MyVPNProviderExtension;
				PRODUCT_NAME = "$(TARGET_NAME)";
				SKIP_INSTALL = YES;
				SWIFT_EMIT_LOC_STRINGS = YES;
				SWIFT_VERSION = 5.0;
				TARGETED_DEVICE_FAMILY = "1,2";
			};
			name = Debug;
		};
		D89BCF472D7090CB00E24742 /* Release */ = {
			isa = XCBuildConfiguration;
			buildSettings = {
				CODE_SIGN_ENTITLEMENTS = MyVPNProviderExtension/MyVPNProviderExtension.entitlements;
				CODE_SIGN_STYLE = Automatic;
				CURRENT_PROJECT_VERSION = 1;
				DEVELOPMENT_TEAM = KF4T4F29C9;
				GENERATE_INFOPLIST_FILE = YES;
				INFOPLIST_FILE = MyVPNProviderExtension/Info.plist;
				INFOPLIST_KEY_CFBundleDisplayName = MyVPNProviderExtension;
				INFOPLIST_KEY_NSHumanReadableCopyright = "";
				LD_RUNPATH_SEARCH_PATHS = (
					"$(inherited)",
					"@executable_path/Frameworks",
					"@executable_path/../../Frameworks",
				);
				MARKETING_VERSION = 1.0;
				"OTHER_LDFLAGS[arch=*]" = "";
				PRODUCT_BUNDLE_IDENTIFIER = com.fimacomarketing.testvpn.MyVPNProviderExtension;
				PRODUCT_NAME = "$(TARGET_NAME)";
				SKIP_INSTALL = YES;
				SWIFT_EMIT_LOC_STRINGS = YES;
				SWIFT_VERSION = 5.0;
				TARGETED_DEVICE_FAMILY = "1,2";
			};
			name = Release;
		};
/* End XCBuildConfiguration section */

/* Begin XCConfigurationList section */
		D89BCE8D2D6C2ED600E24742 /* Build configuration list for PBXProject "vpn-client" */ = {
			isa = XCConfigurationList;
			buildConfigurations = (
				D89BCE9E2D6C2ED700E24742 /* Debug */,
				D89BCE9F2D6C2ED700E24742 /* Release */,
			);
			defaultConfigurationIsVisible = 0;
			defaultConfigurationName = Release;
		};
		D89BCEA02D6C2ED700E24742 /* Build configuration list for PBXNativeTarget "vpn-client" */ = {
			isa = XCConfigurationList;
			buildConfigurations = (
				D89BCEA12D6C2ED700E24742 /* Debug */,
				D89BCEA22D6C2ED700E24742 /* Release */,
			);
			defaultConfigurationIsVisible = 0;
			defaultConfigurationName = Release;
		};
		D89BCF452D7090CB00E24742 /* Build configuration list for PBXNativeTarget "MyVPNProviderExtension" */ = {
			isa = XCConfigurationList;
			buildConfigurations = (
				D89BCF462D7090CB00E24742 /* Debug */,
				D89BCF472D7090CB00E24742 /* Release */,
			);
			defaultConfigurationIsVisible = 0;
			defaultConfigurationName = Release;
		};
/* End XCConfigurationList section */
	};
	rootObject = D89BCE8A2D6C2ED600E24742 /* Project object */;
}
